
Microsoft Visual Studio Solution File, Format Version 12.00
# Visual Studio Version 17
VisualStudioVersion = 17.5.002.0
MinimumVisualStudioVersion = 10.0.40219.1
Project("{9A19103F-16F7-4668-BE54-9A1E7A4F7556}") = "Exo.WebApi", "Exo.WebApi.csproj", "{17D5748E-F9F8-4F73-9947-3F9F29170C1D}"
EndProject
Global
	GlobalSection(SolutionConfigurationPlatforms) = preSolution
		Debug|Any CPU = Debug|Any CPU
		Release|Any CPU = Release|Any CPU
	EndGlobalSection
	GlobalSection(ProjectConfigurationPlatforms) = postSolution
		{17D5748E-F9F8-4F73-9947-3F9F29170C1D}.Debug|Any CPU.ActiveCfg = Debug|Any CPU
		{17D5748E-F9F8-4F73-9947-3F9F29170C1D}.Debug|Any CPU.Build.0 = Debug|Any CPU
		{17D5748E-F9F8-4F73-9947-3F9F29170C1D}.Release|Any CPU.ActiveCfg = Release|Any CPU
		{17D5748E-F9F8-4F73-9947-3F9F29170C1D}.Release|Any CPU.Build.0 = Release|Any CPU
	EndGlobalSection
	GlobalSection(SolutionProperties) = preSolution
		HideSolutionNode = FALSE
	EndGlobalSection
	GlobalSection(ExtensibilityGlobals) = postSolution
		SolutionGuid = {77BBEA1A-530A-4818-9026-6B123492FA8A}
	EndGlobalSection
EndGlobal
